
Microsoft Visual Studio Solution File, Format Version 11.00
# Visual Studio 2010
Project("{FAE04EC0-301F-11D3-BF4B-00C04F79EFBC}") = "TopicoAssets", "Assembly-CSharp.csproj", "{31605798-2397-5374-0F8C-8C115E0517CB}"
EndProject
Global
	GlobalSection(SolutionConfigurationPlatforms) = preSolution
		Debug|Any CPU = Debug|Any CPU
		Release|Any CPU = Release|Any CPU
	EndGlobalSection
	GlobalSection(ProjectConfigurationPlatforms) = postSolution
		{31605798-2397-5374-0F8C-8C115E0517CB}.Debug|Any CPU.ActiveCfg = Debug|Any CPU
		{31605798-2397-5374-0F8C-8C115E0517CB}.Debug|Any CPU.Build.0 = Debug|Any CPU
		{31605798-2397-5374-0F8C-8C115E0517CB}.Release|Any CPU.ActiveCfg = Release|Any CPU
		{31605798-2397-5374-0F8C-8C115E0517CB}.Release|Any CPU.Build.0 = Release|Any CPU
	EndGlobalSection
	GlobalSection(SolutionProperties) = preSolution
		HideSolutionNode = FALSE
	EndGlobalSection
	GlobalSection(MonoDevelopProperties) = preSolution
		StartupItem = Assembly-CSharp.csproj
	EndGlobalSection
EndGlobal
